
Microsoft Visual Studio Solution File, Format Version 12.00
# Visual Studio Version 17
VisualStudioVersion = 17.14.36221.1 d17.14
MinimumVisualStudioVersion = 10.0.40219.1
Project("{8BC9CEB8-8B4A-11D0-8D11-00A0C91BC942}") = "Gyunity", "Gyunity\Gyunity.vcxproj", "{621CF667-B13C-4FB2-8C21-CA70D2FC4284}"
EndProject
Project("{8BC9CEB8-8B4A-11D0-8D11-00A0C91BC942}") = "Gyunity_exe", "Gyunity_exe\Gyunity_exe.vcxproj", "{FF11BF69-259E-4989-A91B-4107E3CEF697}"
	ProjectSection(ProjectDependencies) = postProject
		{621CF667-B13C-4FB2-8C21-CA70D2FC4284} = {621CF667-B13C-4FB2-8C21-CA70D2FC4284}
	EndProjectSection
EndProject
Project("{8BC9CEB8-8B4A-11D0-8D11-00A0C91BC942}") = "GyunityTest", "GyunityTest\GyunityTest.vcxproj", "{B439C97D-299A-48DD-9D06-194E3E1D2925}"
	ProjectSection(ProjectDependencies) = postProject
		{621CF667-B13C-4FB2-8C21-CA70D2FC4284} = {621CF667-B13C-4FB2-8C21-CA70D2FC4284}
	EndProjectSection
EndProject
Project("{8BC9CEB8-8B4A-11D0-8D11-00A0C91BC942}") = "ext_headers", "external\build\ext_headers.vcxproj", "{3B76A826-547B-3D39-A69B-B395BC5DCC48}"
EndProject
Global
	GlobalSection(SolutionConfigurationPlatforms) = preSolution
		Debug|x64 = Debug|x64
		Debug|x86 = Debug|x86
		MinSizeRel|x64 = MinSizeRel|x64
		MinSizeRel|x86 = MinSizeRel|x86
		Release|x64 = Release|x64
		Release|x86 = Release|x86
		RelWithDebInfo|x64 = RelWithDebInfo|x64
		RelWithDebInfo|x86 = RelWithDebInfo|x86
	EndGlobalSection
	GlobalSection(ProjectConfigurationPlatforms) = postSolution
		{621CF667-B13C-4FB2-8C21-CA70D2FC4284}.Debug|x64.ActiveCfg = Debug|x64
		{621CF667-B13C-4FB2-8C21-CA70D2FC4284}.Debug|x64.Build.0 = Debug|x64
		{621CF667-B13C-4FB2-8C21-CA70D2FC4284}.Debug|x86.ActiveCfg = Debug|Win32
		{621CF667-B13C-4FB2-8C21-CA70D2FC4284}.Debug|x86.Build.0 = Debug|Win32
		{621CF667-B13C-4FB2-8C21-CA70D2FC4284}.MinSizeRel|x64.ActiveCfg = Release|x64
		{621CF667-B13C-4FB2-8C21-CA70D2FC4284}.MinSizeRel|x64.Build.0 = Release|x64
		{621CF667-B13C-4FB2-8C21-CA70D2FC4284}.MinSizeRel|x86.ActiveCfg = Release|Win32
		{621CF667-B13C-4FB2-8C21-CA70D2FC4284}.MinSizeRel|x86.Build.0 = Release|Win32
		{621CF667-B13C-4FB2-8C21-CA70D2FC4284}.Release|x64.ActiveCfg = Release|x64
		{621CF667-B13C-4FB2-8C21-CA70D2FC4284}.Release|x64.Build.0 = Release|x64
		{621CF667-B13C-4FB2-8C21-CA70D2FC4284}.Release|x86.ActiveCfg = Release|Win32
		{621CF667-B13C-4FB2-8C21-CA70D2FC4284}.Release|x86.Build.0 = Release|Win32
		{621CF667-B13C-4FB2-8C21-CA70D2FC4284}.RelWithDebInfo|x64.ActiveCfg = Release|x64
		{621CF667-B13C-4FB2-8C21-CA70D2FC4284}.RelWithDebInfo|x64.Build.0 = Release|x64
		{621CF667-B13C-4FB2-8C21-CA70D2FC4284}.RelWithDebInfo|x86.ActiveCfg = Release|Win32
		{621CF667-B13C-4FB2-8C21-CA70D2FC4284}.RelWithDebInfo|x86.Build.0 = Release|Win32
		{FF11BF69-259E-4989-A91B-4107E3CEF697}.Debug|x64.ActiveCfg = Debug|x64
		{FF11BF69-259E-4989-A91B-4107E3CEF697}.Debug|x64.Build.0 = Debug|x64
		{FF11BF69-259E-4989-A91B-4107E3CEF697}.Debug|x86.ActiveCfg = Debug|Win32
		{FF11BF69-259E-4989-A91B-4107E3CEF697}.Debug|x86.Build.0 = Debug|Win32
		{FF11BF69-259E-4989-A91B-4107E3CEF697}.MinSizeRel|x64.ActiveCfg = Release|x64
		{FF11BF69-259E-4989-A91B-4107E3CEF697}.MinSizeRel|x64.Build.0 = Release|x64
		{FF11BF69-259E-4989-A91B-4107E3CEF697}.MinSizeRel|x86.ActiveCfg = Release|Win32
		{FF11BF69-259E-4989-A91B-4107E3CEF697}.MinSizeRel|x86.Build.0 = Release|Win32
		{FF11BF69-259E-4989-A91B-4107E3CEF697}.Release|x64.ActiveCfg = Release|x64
		{FF11BF69-259E-4989-A91B-4107E3CEF697}.Release|x64.Build.0 = Release|x64
		{FF11BF69-259E-4989-A91B-4107E3CEF697}.Release|x86.ActiveCfg = Release|Win32
		{FF11BF69-259E-4989-A91B-4107E3CEF697}.Release|x86.Build.0 = Release|Win32
		{FF11BF69-259E-4989-A91B-4107E3CEF697}.RelWithDebInfo|x64.ActiveCfg = Release|x64
		{FF11BF69-259E-4989-A91B-4107E3CEF697}.RelWithDebInfo|x64.Build.0 = Release|x64
		{FF11BF69-259E-4989-A91B-4107E3CEF697}.RelWithDebInfo|x86.ActiveCfg = Release|Win32
		{FF11BF69-259E-4989-A91B-4107E3CEF697}.RelWithDebInfo|x86.Build.0 = Release|Win32
		{B439C97D-299A-48DD-9D06-194E3E1D2925}.Debug|x64.ActiveCfg = Debug|x64
		{B439C97D-299A-48DD-9D06-194E3E1D2925}.Debug|x64.Build.0 = Debug|x64
		{B439C97D-299A-48DD-9D06-194E3E1D2925}.Debug|x86.ActiveCfg = Debug|Win32
		{B439C97D-299A-48DD-9D06-194E3E1D2925}.Debug|x86.Build.0 = Debug|Win32
		{B439C97D-299A-48DD-9D06-194E3E1D2925}.MinSizeRel|x64.ActiveCfg = Release|x64
		{B439C97D-299A-48DD-9D06-194E3E1D2925}.MinSizeRel|x64.Build.0 = Release|x64
		{B439C97D-299A-48DD-9D06-194E3E1D2925}.MinSizeRel|x86.ActiveCfg = Release|Win32
		{B439C97D-299A-48DD-9D06-194E3E1D2925}.MinSizeRel|x86.Build.0 = Release|Win32
		{B439C97D-299A-48DD-9D06-194E3E1D2925}.Release|x64.ActiveCfg = Release|x64
		{B439C97D-299A-48DD-9D06-194E3E1D2925}.Release|x64.Build.0 = Release|x64
		{B439C97D-299A-48DD-9D06-194E3E1D2925}.Release|x86.ActiveCfg = Release|Win32
		{B439C97D-299A-48DD-9D06-194E3E1D2925}.Release|x86.Build.0 = Release|Win32
		{B439C97D-299A-48DD-9D06-194E3E1D2925}.RelWithDebInfo|x64.ActiveCfg = Release|x64
		{B439C97D-299A-48DD-9D06-194E3E1D2925}.RelWithDebInfo|x64.Build.0 = Release|x64
		{B439C97D-299A-48DD-9D06-194E3E1D2925}.RelWithDebInfo|x86.ActiveCfg = Release|Win32
		{B439C97D-299A-48DD-9D06-194E3E1D2925}.RelWithDebInfo|x86.Build.0 = Release|Win32
		{3B76A826-547B-3D39-A69B-B395BC5DCC48}.Debug|x64.ActiveCfg = Debug|x64
		{3B76A826-547B-3D39-A69B-B395BC5DCC48}.Debug|x64.Build.0 = Debug|x64
		{3B76A826-547B-3D39-A69B-B395BC5DCC48}.Debug|x86.ActiveCfg = Debug|x64
		{3B76A826-547B-3D39-A69B-B395BC5DCC48}.MinSizeRel|x64.ActiveCfg = MinSizeRel|x64
		{3B76A826-547B-3D39-A69B-B395BC5DCC48}.MinSizeRel|x64.Build.0 = MinSizeRel|x64
		{3B76A826-547B-3D39-A69B-B395BC5DCC48}.MinSizeRel|x86.ActiveCfg = MinSizeRel|x64
		{3B76A826-547B-3D39-A69B-B395BC5DCC48}.Release|x64.ActiveCfg = Release|x64
		{3B76A826-547B-3D39-A69B-B395BC5DCC48}.Release|x64.Build.0 = Release|x64
		{3B76A826-547B-3D39-A69B-B395BC5DCC48}.Release|x86.ActiveCfg = Release|x64
		{3B76A826-547B-3D39-A69B-B395BC5DCC48}.RelWithDebInfo|x64.ActiveCfg = RelWithDebInfo|x64
		{3B76A826-547B-3D39-A69B-B395BC5DCC48}.RelWithDebInfo|x64.Build.0 = RelWithDebInfo|x64
		{3B76A826-547B-3D39-A69B-B395BC5DCC48}.RelWithDebInfo|x86.ActiveCfg = RelWithDebInfo|x64
	EndGlobalSection
	GlobalSection(SolutionProperties) = preSolution
		HideSolutionNode = FALSE
	EndGlobalSection
	GlobalSection(ExtensibilityGlobals) = postSolution
		SolutionGuid = {38E677EF-E889-49C9-8643-296278097B5B}
	EndGlobalSection
EndGlobal
